{
  "name": "upload-server",
  "version": "1.0.0",
  "lockfileVersion": 3,
  "requires": true,
  "packages": {
    "": {
      "name": "upload-server",
      "version": "1.0.0",
      "license": "ISC",
      "dependencies": {
        "@fastify/multipart": "^9.0.3",
        "backblaze-b2": "^1.7.1",
        "dotenv": "^17.2.1",
        "fastify": "^5.4.0",
        "fastify-multipart": "^5.3.1",
        "node-fetch": "^3.3.2",
        "pg": "^8.16.3",
        "uuid": "^11.1.0"
      }
    },
    "node_modules/@fastify/ajv-compiler": {
      "version": "4.0.2",
      "resolved": "https://registry.npmjs.org/@fastify/ajv-compiler/-/ajv-compiler-4.0.2.tgz",
      "integrity": "sha512-Rkiu/8wIjpsf46Rr+Fitd3HRP+VsxUFDDeag0hs9L0ksfnwx2g7SPQQTFL0E8Qv+rfXzQOxBJnjUB9ITUDjfWQ==",
      "funding": [
        {
          "type": "github",
          "url": "https://github.com/sponsors/fastify"
        },
        {
          "type": "opencollective",
          "url": "https://opencollective.com/fastify"
        }
      ],
      "license": "MIT",
      "dependencies": {
        "ajv": "^8.12.0",
        "ajv-formats": "^3.0.1",
        "fast-uri": "^3.0.0"
      }
    },
    "node_modules/@fastify/busboy": {
      "version": "1.2.1",
      "resolved": "https://registry.npmjs.org/@fastify/busboy/-/busboy-1.2.1.tgz",
      "integrity": "sha512-7PQA7EH43S0CxcOa9OeAnaeA0oQ+e/DHNPZwSQM9CQHW76jle5+OvLdibRp/Aafs9KXbLhxyjOTkRjWUbQEd3Q==",
      "license": "MIT",
      "dependencies": {
        "text-decoding": "^1.0.0"
      },
      "engines": {
        "node": ">=14"
      }
    },
    "node_modules/@fastify/deepmerge": {
      "version": "2.0.2",
      "resolved": "https://registry.npmjs.org/@fastify/deepmerge/-/deepmerge-2.0.2.tgz",
      "integrity": "sha512-3wuLdX5iiiYeZWP6bQrjqhrcvBIf0NHbQH1Ur1WbHvoiuTYUEItgygea3zs8aHpiitn0lOB8gX20u1qO+FDm7Q==",
      "funding": [
        {
          "type": "github",
          "url": "https://github.com/sponsors/fastify"
        },
        {
          "type": "opencollective",
          "url": "https://opencollective.com/fastify"
        }
      ],
      "license": "MIT"
    },
    "node_modules/@fastify/error": {
      "version": "4.2.0",
      "resolved": "https://registry.npmjs.org/@fastify/error/-/error-4.2.0.tgz",
      "integrity": "sha512-RSo3sVDXfHskiBZKBPRgnQTtIqpi/7zhJOEmAxCiBcM7d0uwdGdxLlsCaLzGs8v8NnxIRlfG0N51p5yFaOentQ==",
      "funding": [
        {
          "type": "github",
          "url": "https://github.com/sponsors/fastify"
        },
        {
          "type": "opencollective",
          "url": "https://opencollective.com/fastify"
        }
      ],
      "license": "MIT"
    },
    "node_modules/@fastify/fast-json-stringify-compiler": {
      "version": "5.0.3",
      "resolved": "https://registry.npmjs.org/@fastify/fast-json-stringify-compiler/-/fast-json-stringify-compiler-5.0.3.tgz",
      "integrity": "sha512-uik7yYHkLr6fxd8hJSZ8c+xF4WafPK+XzneQDPU+D10r5X19GW8lJcom2YijX2+qtFF1ENJlHXKFM9ouXNJYgQ==",
      "funding": [
        {
          "type": "github",
          "url": "https://github.com/sponsors/fastify"
        },
        {
          "type": "opencollective",
          "url": "https://opencollective.com/fastify"
        }
      ],
      "license": "MIT",
      "dependencies": {
        "fast-json-stringify": "^6.0.0"
      }
    },
    "node_modules/@fastify/forwarded": {
      "version": "3.0.0",
      "resolved": "https://registry.npmjs.org/@fastify/forwarded/-/forwarded-3.0.0.tgz",
      "integrity": "sha512-kJExsp4JCms7ipzg7SJ3y8DwmePaELHxKYtg+tZow+k0znUTf3cb+npgyqm8+ATZOdmfgfydIebPDWM172wfyA==",
      "license": "MIT"
    },
    "node_modules/@fastify/merge-json-schemas": {
      "version": "0.2.1",
      "resolved": "https://registry.npmjs.org/@fastify/merge-json-schemas/-/merge-json-schemas-0.2.1.tgz",
      "integrity": "sha512-OA3KGBCy6KtIvLf8DINC5880o5iBlDX4SxzLQS8HorJAbqluzLRn80UXU0bxZn7UOFhFgpRJDasfwn9nG4FG4A==",
      "funding": [
        {
          "type": "github",
          "url": "https://github.com/sponsors/fastify"
        },
        {
          "type": "opencollective",
          "url": "https://opencollective.com/fastify"
        }
      ],
      "license": "MIT",
      "dependencies": {
        "dequal": "^2.0.3"
      }
    },
    "node_modules/@fastify/multipart": {
      "version": "9.0.3",
      "resolved": "https://registry.npmjs.org/@fastify/multipart/-/multipart-9.0.3.tgz",
      "integrity": "sha512-pJogxQCrT12/6I5Fh6jr3narwcymA0pv4B0jbC7c6Bl9wnrxomEUnV0d26w6gUls7gSXmhG8JGRMmHFIPsxt1g==",
      "funding": [
        {
          "type": "github",
          "url": "https://github.com/sponsors/fastify"
        },
        {
          "type": "opencollective",
          "url": "https://opencollective.com/fastify"
        }
      ],
      "license": "MIT",
      "dependencies": {
        "@fastify/busboy": "^3.0.0",
        "@fastify/deepmerge": "^2.0.0",
        "@fastify/error": "^4.0.0",
        "fastify-plugin": "^5.0.0",
        "secure-json-parse": "^3.0.0"
      }
    },
    "node_modules/@fastify/multipart/node_modules/@fastify/busboy": {
      "version": "3.1.1",
      "resolved": "https://registry.npmjs.org/@fastify/busboy/-/busboy-3.1.1.tgz",
      "integrity": "sha512-5DGmA8FTdB2XbDeEwc/5ZXBl6UbBAyBOOLlPuBnZ/N1SwdH9Ii+cOX3tBROlDgcTXxjOYnLMVoKk9+FXAw0CJw==",
      "license": "MIT"
    },
    "node_modules/@fastify/multipart/node_modules/fastify-plugin": {
      "version": "5.0.1",
      "resolved": "https://registry.npmjs.org/fastify-plugin/-/fastify-plugin-5.0.1.tgz",
      "integrity": "sha512-HCxs+YnRaWzCl+cWRYFnHmeRFyR5GVnJTAaCJQiYzQSDwK9MgJdyAsuL3nh0EWRCYMgQ5MeziymvmAhUHYHDUQ==",
      "license": "MIT"
    },
    "node_modules/@fastify/multipart/node_modules/secure-json-parse": {
      "version": "3.0.2",
      "resolved": "https://registry.npmjs.org/secure-json-parse/-/secure-json-parse-3.0.2.tgz",
      "integrity": "sha512-H6nS2o8bWfpFEV6U38sOSjS7bTbdgbCGU9wEM6W14P5H0QOsz94KCusifV44GpHDTu2nqZbuDNhTzu+mjDSw1w==",
      "funding": [
        {
          "type": "github",
          "url": "https://github.com/sponsors/fastify"
        },
        {
          "type": "opencollective",
          "url": "https://opencollective.com/fastify"
        }
      ],
      "license": "BSD-3-Clause"
    },
    "node_modules/@fastify/proxy-addr": {
      "version": "5.0.0",
      "resolved": "https://registry.npmjs.org/@fastify/proxy-addr/-/proxy-addr-5.0.0.tgz",
      "integrity": "sha512-37qVVA1qZ5sgH7KpHkkC4z9SK6StIsIcOmpjvMPXNb3vx2GQxhZocogVYbr2PbbeLCQxYIPDok307xEvRZOzGA==",
      "license": "MIT",
      "dependencies": {
        "@fastify/forwarded": "^3.0.0",
        "ipaddr.js": "^2.1.0"
      }
    },
    "node_modules/abstract-logging": {
      "version": "2.0.1",
      "resolved": "https://registry.npmjs.org/abstract-logging/-/abstract-logging-2.0.1.tgz",
      "integrity": "sha512-2BjRTZxTPvheOvGbBslFSYOUkr+SjPtOnrLP33f+VIWLzezQpZcqVg7ja3L4dBXmzzgwT+a029jRx5PCi3JuiA==",
      "license": "MIT"
    },
    "node_modules/ajv": {
      "version": "8.17.1",
      "resolved": "https://registry.npmjs.org/ajv/-/ajv-8.17.1.tgz",
      "integrity": "sha512-B/gBuNg5SiMTrPkC+A2+cW0RszwxYmn6VYxB/inlBStS5nx6xHIt/ehKRhIMhqusl7a8LjQoZnjCs5vhwxOQ1g==",
      "license": "MIT",
      "dependencies": {
        "fast-deep-equal": "^3.1.3",
        "fast-uri": "^3.0.1",
        "json-schema-traverse": "^1.0.0",
        "require-from-string": "^2.0.2"
      },
      "funding": {
        "type": "github",
        "url": "https://github.com/sponsors/epoberezkin"
      }
    },
    "node_modules/ajv-formats": {
      "version": "3.0.1",
      "resolved": "https://registry.npmjs.org/ajv-formats/-/ajv-formats-3.0.1.tgz",
      "integrity": "sha512-8iUql50EUR+uUcdRQ3HDqa6EVyo3docL8g5WJ3FNcWmu62IbkGUue/pEyLBW8VGKKucTPgqeks4fIU1DA4yowQ==",
      "license": "MIT",
      "dependencies": {
        "ajv": "^8.0.0"
      },
      "peerDependencies": {
        "ajv": "^8.0.0"
      },
      "peerDependenciesMeta": {
        "ajv": {
          "optional": true
        }
      }
    },
    "node_modules/asynckit": {
      "version": "0.4.0",
      "resolved": "https://registry.npmjs.org/asynckit/-/asynckit-0.4.0.tgz",
      "integrity": "sha512-Oei9OH4tRh0YqU3GxhX79dM/mwVgvbZJaSNaRk+bshkj0S5cfHcgYakreBjrHwatXKbz+IoIdYLxrKim2MjW0Q==",
      "license": "MIT"
    },
    "node_modules/atomic-sleep": {
      "version": "1.0.0",
      "resolved": "https://registry.npmjs.org/atomic-sleep/-/atomic-sleep-1.0.0.tgz",
      "integrity": "sha512-kNOjDqAh7px0XWNI+4QbzoiR/nTkHAWNud2uvnJquD1/x5a7EQZMJT0AczqK0Qn67oY/TTQ1LbUKajZpp3I9tQ==",
      "license": "MIT",
      "engines": {
        "node": ">=8.0.0"
      }
    },
    "node_modules/avvio": {
      "version": "9.1.0",
      "resolved": "https://registry.npmjs.org/avvio/-/avvio-9.1.0.tgz",
      "integrity": "sha512-fYASnYi600CsH/j9EQov7lECAniYiBFiiAtBNuZYLA2leLe9qOvZzqYHFjtIj6gD2VMoMLP14834LFWvr4IfDw==",
      "license": "MIT",
      "dependencies": {
        "@fastify/error": "^4.0.0",
        "fastq": "^1.17.1"
      }
    },
    "node_modules/axios": {
      "version": "1.11.0",
      "resolved": "https://registry.npmjs.org/axios/-/axios-1.11.0.tgz",
      "integrity": "sha512-1Lx3WLFQWm3ooKDYZD1eXmoGO9fxYQjrycfHFC8P0sCfQVXyROp0p9PFWBehewBOdCwHc+f/b8I0fMto5eSfwA==",
      "license": "MIT",
      "dependencies": {
        "follow-redirects": "^1.15.6",
        "form-data": "^4.0.4",
        "proxy-from-env": "^1.1.0"
      }
    },
    "node_modules/axios-retry": {
      "version": "4.5.0",
      "resolved": "https://registry.npmjs.org/axios-retry/-/axios-retry-4.5.0.tgz",
      "integrity": "sha512-aR99oXhpEDGo0UuAlYcn2iGRds30k366Zfa05XWScR9QaQD4JYiP3/1Qt1u7YlefUOK+cn0CcwoL1oefavQUlQ==",
      "license": "Apache-2.0",
      "dependencies": {
        "is-retry-allowed": "^2.2.0"
      },
      "peerDependencies": {
        "axios": "0.x || 1.x"
      }
    },
    "node_modules/backblaze-b2": {
      "version": "1.7.1",
      "resolved": "https://registry.npmjs.org/backblaze-b2/-/backblaze-b2-1.7.1.tgz",
      "integrity": "sha512-ns+oIO0NO5ysIIcs4xn2PfG34GlkGFLUckDWfQcsaCE2THDNRWzc5lWjR3LUrq6DA0E5KUGOhgkAs/q+QrgpNw==",
      "license": "MIT",
      "dependencies": {
        "axios": "^1.9.0",
        "axios-retry": "^4.5.0",
        "lodash": "^4.17.21"
      },
      "engines": {
        "node": ">=10.0"
      }
    },
    "node_modules/call-bind-apply-helpers": {
      "version": "1.0.2",
      "resolved": "https://registry.npmjs.org/call-bind-apply-helpers/-/call-bind-apply-helpers-1.0.2.tgz",
      "integrity": "sha512-Sp1ablJ0ivDkSzjcaJdxEunN5/XvksFJ2sMBFfq6x0ryhQV/2b/KwFe21cMpmHtPOSij8K99/wSfoEuTObmuMQ==",
      "license": "MIT",
      "dependencies": {
        "es-errors": "^1.3.0",
        "function-bind": "^1.1.2"
      },
      "engines": {
        "node": ">= 0.4"
      }
    },
    "node_modules/combined-stream": {
      "version": "1.0.8",
      "resolved": "https://registry.npmjs.org/combined-stream/-/combined-stream-1.0.8.tgz",
      "integrity": "sha512-FQN4MRfuJeHf7cBbBMJFXhKSDq+2kAArBlmRBvcvFE5BB1HZKXtSFASDhdlz9zOYwxh8lDdnvmMOe/+5cdoEdg==",
      "license": "MIT",
      "dependencies": {
        "delayed-stream": "~1.0.0"
      },
      "engines": {
        "node": ">= 0.8"
      }
    },
    "node_modules/cookie": {
      "version": "1.0.2",
      "resolved": "https://registry.npmjs.org/cookie/-/cookie-1.0.2.tgz",
      "integrity": "sha512-9Kr/j4O16ISv8zBBhJoi4bXOYNTkFLOqSL3UDB0njXxCXNezjeyVrJyGOWtgfs/q2km1gwBcfH8q1yEGoMYunA==",
      "license": "MIT",
      "engines": {
        "node": ">=18"
      }
    },
    "node_modules/data-uri-to-buffer": {
      "version": "4.0.1",
      "resolved": "https://registry.npmjs.org/data-uri-to-buffer/-/data-uri-to-buffer-4.0.1.tgz",
      "integrity": "sha512-0R9ikRb668HB7QDxT1vkpuUBtqc53YyAwMwGeUFKRojY/NWKvdZ+9UYtRfGmhqNbRkTSVpMbmyhXipFFv2cb/A==",
      "license": "MIT",
      "engines": {
        "node": ">= 12"
      }
    },
    "node_modules/deepmerge": {
      "version": "4.3.1",
      "resolved": "https://registry.npmjs.org/deepmerge/-/deepmerge-4.3.1.tgz",
      "integrity": "sha512-3sUqbMEc77XqpdNO7FRyRog+eW3ph+GYCbj+rK+uYyRMuwsVy0rMiVtPn+QJlKFvWP/1PYpapqYn0Me2knFn+A==",
      "license": "MIT",
      "engines": {
        "node": ">=0.10.0"
      }
    },
    "node_modules/delayed-stream": {
      "version": "1.0.0",
      "resolved": "https://registry.npmjs.org/delayed-stream/-/delayed-stream-1.0.0.tgz",
      "integrity": "sha512-ZySD7Nf91aLB0RxL4KGrKHBXl7Eds1DAmEdcoVawXnLD7SDhpNgtuII2aAkg7a7QS41jxPSZ17p4VdGnMHk3MQ==",
      "license": "MIT",
      "engines": {
        "node": ">=0.4.0"
      }
    },
    "node_modules/dequal": {
      "version": "2.0.3",
      "resolved": "https://registry.npmjs.org/dequal/-/dequal-2.0.3.tgz",
      "integrity": "sha512-0je+qPKHEMohvfRTCEo3CrPG6cAzAYgmzKyxRiYSSDkS6eGJdyVJm7WaYA5ECaAD9wLB2T4EEeymA5aFVcYXCA==",
      "license": "MIT",
      "engines": {
        "node": ">=6"
      }
    },
    "node_modules/dotenv": {
      "version": "17.2.1",
      "resolved": "https://registry.npmjs.org/dotenv/-/dotenv-17.2.1.tgz",
      "integrity": "sha512-kQhDYKZecqnM0fCnzI5eIv5L4cAe/iRI+HqMbO/hbRdTAeXDG+M9FjipUxNfbARuEg4iHIbhnhs78BCHNbSxEQ==",
      "license": "BSD-2-Clause",
      "engines": {
        "node": ">=12"
      },
      "funding": {
        "url": "https://dotenvx.com"
      }
    },
    "node_modules/dunder-proto": {
      "version": "1.0.1",
      "resolved": "https://registry.npmjs.org/dunder-proto/-/dunder-proto-1.0.1.tgz",
      "integrity": "sha512-KIN/nDJBQRcXw0MLVhZE9iQHmG68qAVIBg9CqmUYjmQIhgij9U5MFvrqkUL5FbtyyzZuOeOt0zdeRe4UY7ct+A==",
      "license": "MIT",
      "dependencies": {
        "call-bind-apply-helpers": "^1.0.1",
        "es-errors": "^1.3.0",
        "gopd": "^1.2.0"
      },
      "engines": {
        "node": ">= 0.4"
      }
    },
    "node_modules/end-of-stream": {
      "version": "1.4.5",
      "resolved": "https://registry.npmjs.org/end-of-stream/-/end-of-stream-1.4.5.tgz",
      "integrity": "sha512-ooEGc6HP26xXq/N+GCGOT0JKCLDGrq2bQUZrQ7gyrJiZANJ/8YDTxTpQBXGMn+WbIQXNVpyWymm7KYVICQnyOg==",
      "license": "MIT",
      "dependencies": {
        "once": "^1.4.0"
      }
    },
    "node_modules/es-define-property": {
      "version": "1.0.1",
      "resolved": "https://registry.npmjs.org/es-define-property/-/es-define-property-1.0.1.tgz",
      "integrity": "sha512-e3nRfgfUZ4rNGL232gUgX06QNyyez04KdjFrF+LTRoOXmrOgFKDg4BCdsjW8EnT69eqdYGmRpJwiPVYNrCaW3g==",
      "license": "MIT",
      "engines": {
        "node": ">= 0.4"
      }
    },
    "node_modules/es-errors": {
      "version": "1.3.0",
      "resolved": "https://registry.npmjs.org/es-errors/-/es-errors-1.3.0.tgz",
      "integrity": "sha512-Zf5H2Kxt2xjTvbJvP2ZWLEICxA6j+hAmMzIlypy4xcBg1vKVnx89Wy0GbS+kf5cwCVFFzdCFh2XSCFNULS6csw==",
      "license": "MIT",
      "engines": {
        "node": ">= 0.4"
      }
    },
    "node_modules/es-object-atoms": {
      "version": "1.1.1",
      "resolved": "https://registry.npmjs.org/es-object-atoms/-/es-object-atoms-1.1.1.tgz",
      "integrity": "sha512-FGgH2h8zKNim9ljj7dankFPcICIK9Cp5bm+c2gQSYePhpaG5+esrLODihIorn+Pe6FGJzWhXQotPv73jTaldXA==",
      "license": "MIT",
      "dependencies": {
        "es-errors": "^1.3.0"
      },
      "engines": {
        "node": ">= 0.4"
      }
    },
    "node_modules/es-set-tostringtag": {
      "version": "2.1.0",
      "resolved": "https://registry.npmjs.org/es-set-tostringtag/-/es-set-tostringtag-2.1.0.tgz",
      "integrity": "sha512-j6vWzfrGVfyXxge+O0x5sh6cvxAog0a/4Rdd2K36zCMV5eJ+/+tOAngRO8cODMNWbVRdVlmGZQL2YS3yR8bIUA==",
      "license": "MIT",
      "dependencies": {
        "es-errors": "^1.3.0",
        "get-intrinsic": "^1.2.6",
        "has-tostringtag": "^1.0.2",
        "hasown": "^2.0.2"
      },
      "engines": {
        "node": ">= 0.4"
      }
    },
    "node_modules/fast-decode-uri-component": {
      "version": "1.0.1",
      "resolved": "https://registry.npmjs.org/fast-decode-uri-component/-/fast-decode-uri-component-1.0.1.tgz",
      "integrity": "sha512-WKgKWg5eUxvRZGwW8FvfbaH7AXSh2cL+3j5fMGzUMCxWBJ3dV3a7Wz8y2f/uQ0e3B6WmodD3oS54jTQ9HVTIIg==",
      "license": "MIT"
    },
    "node_modules/fast-deep-equal": {
      "version": "3.1.3",
      "resolved": "https://registry.npmjs.org/fast-deep-equal/-/fast-deep-equal-3.1.3.tgz",
      "integrity": "sha512-f3qQ9oQy9j2AhBe/H9VC91wLmKBCCU/gDOnKNAYG5hswO7BLKj09Hc5HYNz9cGI++xlpDCIgDaitVs03ATR84Q==",
      "license": "MIT"
    },
    "node_modules/fast-json-stringify": {
      "version": "6.0.1",
      "resolved": "https://registry.npmjs.org/fast-json-stringify/-/fast-json-stringify-6.0.1.tgz",
      "integrity": "sha512-s7SJE83QKBZwg54dIbD5rCtzOBVD43V1ReWXXYqBgwCwHLYAAT0RQc/FmrQglXqWPpz6omtryJQOau5jI4Nrvg==",
      "funding": [
        {
          "type": "github",
          "url": "https://github.com/sponsors/fastify"
        },
        {
          "type": "opencollective",
          "url": "https://opencollective.com/fastify"
        }
      ],
      "license": "MIT",
      "dependencies": {
        "@fastify/merge-json-schemas": "^0.2.0",
        "ajv": "^8.12.0",
        "ajv-formats": "^3.0.1",
        "fast-uri": "^3.0.0",
        "json-schema-ref-resolver": "^2.0.0",
        "rfdc": "^1.2.0"
      }
    },
    "node_modules/fast-querystring": {
      "version": "1.1.2",
      "resolved": "https://registry.npmjs.org/fast-querystring/-/fast-querystring-1.1.2.tgz",
      "integrity": "sha512-g6KuKWmFXc0fID8WWH0jit4g0AGBoJhCkJMb1RmbsSEUNvQ+ZC8D6CUZ+GtF8nMzSPXnhiePyyqqipzNNEnHjg==",
      "license": "MIT",
      "dependencies": {
        "fast-decode-uri-component": "^1.0.1"
      }
    },
    "node_modules/fast-redact": {
      "version": "3.5.0",
      "resolved": "https://registry.npmjs.org/fast-redact/-/fast-redact-3.5.0.tgz",
      "integrity": "sha512-dwsoQlS7h9hMeYUq1W++23NDcBLV4KqONnITDV9DjfS3q1SgDGVrBdvvTLUotWtPSD7asWDV9/CmsZPy8Hf70A==",
      "license": "MIT",
      "engines": {
        "node": ">=6"
      }
    },
    "node_modules/fast-uri": {
      "version": "3.0.6",
      "resolved": "https://registry.npmjs.org/fast-uri/-/fast-uri-3.0.6.tgz",
      "integrity": "sha512-Atfo14OibSv5wAp4VWNsFYE1AchQRTv9cBGWET4pZWHzYshFSS9NQI6I57rdKn9croWVMbYFbLhJ+yJvmZIIHw==",
      "funding": [
        {
          "type": "github",
          "url": "https://github.com/sponsors/fastify"
        },
        {
          "type": "opencollective",
          "url": "https://opencollective.com/fastify"
        }
      ],
      "license": "BSD-3-Clause"
    },
    "node_modules/fastify": {
      "version": "5.4.0",
      "resolved": "https://registry.npmjs.org/fastify/-/fastify-5.4.0.tgz",
      "integrity": "sha512-I4dVlUe+WNQAhKSyv15w+dwUh2EPiEl4X2lGYMmNSgF83WzTMAPKGdWEv5tPsCQOb+SOZwz8Vlta2vF+OeDgRw==",
      "funding": [
        {
          "type": "github",
          "url": "https://github.com/sponsors/fastify"
        },
        {
          "type": "opencollective",
          "url": "https://opencollective.com/fastify"
        }
      ],
      "license": "MIT",
      "dependencies": {
        "@fastify/ajv-compiler": "^4.0.0",
        "@fastify/error": "^4.0.0",
        "@fastify/fast-json-stringify-compiler": "^5.0.0",
        "@fastify/proxy-addr": "^5.0.0",
        "abstract-logging": "^2.0.1",
        "avvio": "^9.0.0",
        "fast-json-stringify": "^6.0.0",
        "find-my-way": "^9.0.0",
        "light-my-request": "^6.0.0",
        "pino": "^9.0.0",
        "process-warning": "^5.0.0",
        "rfdc": "^1.3.1",
        "secure-json-parse": "^4.0.0",
        "semver": "^7.6.0",
        "toad-cache": "^3.7.0"
      }
    },
    "node_modules/fastify-error": {
      "version": "0.3.1",
      "resolved": "https://registry.npmjs.org/fastify-error/-/fastify-error-0.3.1.tgz",
      "integrity": "sha512-oCfpcsDndgnDVgiI7bwFKAun2dO+4h84vBlkWsWnz/OUK9Reff5UFoFl241xTiLeHWX/vU9zkDVXqYUxjOwHcQ==",
      "license": "MIT"
    },
    "node_modules/fastify-multipart": {
      "version": "5.3.1",
      "resolved": "https://registry.npmjs.org/fastify-multipart/-/fastify-multipart-5.3.1.tgz",
      "integrity": "sha512-c2pnGfkJmiNpYqzFYT2QfBg/06AxG531O+n1elqc8YUbWPRzufdqn3yfGAIV3RA7J4Vnf7Pfvgx0iaWqaRTOVA==",
      "license": "MIT",
      "dependencies": {
        "@fastify/busboy": "^1.0.0",
        "deepmerge": "^4.2.2",
        "end-of-stream": "^1.4.4",
        "fastify-error": "^0.3.0",
        "fastify-plugin": "^3.0.0",
        "hexoid": "^1.0.0",
        "secure-json-parse": "^2.4.0",
        "stream-wormhole": "^1.1.0"
      }
    },
    "node_modules/fastify-multipart/node_modules/secure-json-parse": {
      "version": "2.7.0",
      "resolved": "https://registry.npmjs.org/secure-json-parse/-/secure-json-parse-2.7.0.tgz",
      "integrity": "sha512-6aU+Rwsezw7VR8/nyvKTx8QpWH9FrcYiXXlqC4z5d5XQBDRqtbfsRjnwGyqbi3gddNtWHuEk9OANUotL26qKUw==",
      "license": "BSD-3-Clause"
    },
    "node_modules/fastify-plugin": {
      "version": "3.0.1",
      "resolved": "https://registry.npmjs.org/fastify-plugin/-/fastify-plugin-3.0.1.tgz",
      "integrity": "sha512-qKcDXmuZadJqdTm6vlCqioEbyewF60b/0LOFCcYN1B6BIZGlYJumWWOYs70SFYLDAH4YqdE1cxH/RKMG7rFxgA==",
      "license": "MIT"
    },
    "node_modules/fastq": {
      "version": "1.19.1",
      "resolved": "https://registry.npmjs.org/fastq/-/fastq-1.19.1.tgz",
      "integrity": "sha512-GwLTyxkCXjXbxqIhTsMI2Nui8huMPtnxg7krajPJAjnEG/iiOS7i+zCtWGZR9G0NBKbXKh6X9m9UIsYX/N6vvQ==",
      "license": "ISC",
      "dependencies": {
        "reusify": "^1.0.4"
      }
    },
    "node_modules/fetch-blob": {
      "version": "3.2.0",
      "resolved": "https://registry.npmjs.org/fetch-blob/-/fetch-blob-3.2.0.tgz",
      "integrity": "sha512-7yAQpD2UMJzLi1Dqv7qFYnPbaPx7ZfFK6PiIxQ4PfkGPyNyl2Ugx+a/umUonmKqjhM4DnfbMvdX6otXq83soQQ==",
      "funding": [
        {
          "type": "github",
          "url": "https://github.com/sponsors/jimmywarting"
        },
        {
          "type": "paypal",
          "url": "https://paypal.me/jimmywarting"
        }
      ],
      "license": "MIT",
      "dependencies": {
        "node-domexception": "^1.0.0",
        "web-streams-polyfill": "^3.0.3"
      },
      "engines": {
        "node": "^12.20 || >= 14.13"
      }
    },
    "node_modules/find-my-way": {
      "version": "9.3.0",
      "resolved": "https://registry.npmjs.org/find-my-way/-/find-my-way-9.3.0.tgz",
      "integrity": "sha512-eRoFWQw+Yv2tuYlK2pjFS2jGXSxSppAs3hSQjfxVKxM5amECzIgYYc1FEI8ZmhSh/Ig+FrKEz43NLRKJjYCZVg==",
      "license": "MIT",
      "dependencies": {
        "fast-deep-equal": "^3.1.3",
        "fast-querystring": "^1.0.0",
        "safe-regex2": "^5.0.0"
      },
      "engines": {
        "node": ">=20"
      }
    },
    "node_modules/follow-redirects": {
      "version": "1.15.11",
      "resolved": "https://registry.npmjs.org/follow-redirects/-/follow-redirects-1.15.11.tgz",
      "integrity": "sha512-deG2P0JfjrTxl50XGCDyfI97ZGVCxIpfKYmfyrQ54n5FO/0gfIES8C/Psl6kWVDolizcaaxZJnTS0QSMxvnsBQ==",
      "funding": [
        {
          "type": "individual",
          "url": "https://github.com/sponsors/RubenVerborgh"
        }
      ],
      "license": "MIT",
      "engines": {
        "node": ">=4.0"
      },
      "peerDependenciesMeta": {
        "debug": {
          "optional": true
        }
      }
    },
    "node_modules/form-data": {
      "version": "4.0.4",
      "resolved": "https://registry.npmjs.org/form-data/-/form-data-4.0.4.tgz",
      "integrity": "sha512-KrGhL9Q4zjj0kiUt5OO4Mr/A/jlI2jDYs5eHBpYHPcBEVSiipAvn2Ko2HnPe20rmcuuvMHNdZFp+4IlGTMF0Ow==",
      "license": "MIT",
      "dependencies": {
        "asynckit": "^0.4.0",
        "combined-stream": "^1.0.8",
        "es-set-tostringtag": "^2.1.0",
        "hasown": "^2.0.2",
        "mime-types": "^2.1.12"
      },
      "engines": {
        "node": ">= 6"
      }
    },
    "node_modules/formdata-polyfill": {
      "version": "4.0.10",
      "resolved": "https://registry.npmjs.org/formdata-polyfill/-/formdata-polyfill-4.0.10.tgz",
      "integrity": "sha512-buewHzMvYL29jdeQTVILecSaZKnt/RJWjoZCF5OW60Z67/GmSLBkOFM7qh1PI3zFNtJbaZL5eQu1vLfazOwj4g==",
      "license": "MIT",
      "dependencies": {
        "fetch-blob": "^3.1.2"
      },
      "engines": {
        "node": ">=12.20.0"
      }
    },
    "node_modules/function-bind": {
      "version": "1.1.2",
      "resolved": "https://registry.npmjs.org/function-bind/-/function-bind-1.1.2.tgz",
      "integrity": "sha512-7XHNxH7qX9xG5mIwxkhumTox/MIRNcOgDrxWsMt2pAr23WHp6MrRlN7FBSFpCpr+oVO0F744iUgR82nJMfG2SA==",
      "license": "MIT",
      "funding": {
        "url": "https://github.com/sponsors/ljharb"
      }
    },
    "node_modules/get-intrinsic": {
      "version": "1.3.0",
      "resolved": "https://registry.npmjs.org/get-intrinsic/-/get-intrinsic-1.3.0.tgz",
      "integrity": "sha512-9fSjSaos/fRIVIp+xSJlE6lfwhES7LNtKaCBIamHsjr2na1BiABJPo0mOjjz8GJDURarmCPGqaiVg5mfjb98CQ==",
      "license": "MIT",
      "dependencies": {
        "call-bind-apply-helpers": "^1.0.2",
        "es-define-property": "^1.0.1",
        "es-errors": "^1.3.0",
        "es-object-atoms": "^1.1.1",
        "function-bind": "^1.1.2",
        "get-proto": "^1.0.1",
        "gopd": "^1.2.0",
        "has-symbols": "^1.1.0",
        "hasown": "^2.0.2",
        "math-intrinsics": "^1.1.0"
      },
      "engines": {
        "node": ">= 0.4"
      },
      "funding": {
        "url": "https://github.com/sponsors/ljharb"
      }
    },
    "node_modules/get-proto": {
      "version": "1.0.1",
      "resolved": "https://registry.npmjs.org/get-proto/-/get-proto-1.0.1.tgz",
      "integrity": "sha512-sTSfBjoXBp89JvIKIefqw7U2CCebsc74kiY6awiGogKtoSGbgjYE/G/+l9sF3MWFPNc9IcoOC4ODfKHfxFmp0g==",
      "license": "MIT",
      "dependencies": {
        "dunder-proto": "^1.0.1",
        "es-object-atoms": "^1.0.0"
      },
      "engines": {
        "node": ">= 0.4"
      }
    },
    "node_modules/gopd": {
      "version": "1.2.0",
      "resolved": "https://registry.npmjs.org/gopd/-/gopd-1.2.0.tgz",
      "integrity": "sha512-ZUKRh6/kUFoAiTAtTYPZJ3hw9wNxx+BIBOijnlG9PnrJsCcSjs1wyyD6vJpaYtgnzDrKYRSqf3OO6Rfa93xsRg==",
      "license": "MIT",
      "engines": {
        "node": ">= 0.4"
      },
      "funding": {
        "url": "https://github.com/sponsors/ljharb"
      }
    },
    "node_modules/has-symbols": {
      "version": "1.1.0",
      "resolved": "https://registry.npmjs.org/has-symbols/-/has-symbols-1.1.0.tgz",
      "integrity": "sha512-1cDNdwJ2Jaohmb3sg4OmKaMBwuC48sYni5HUw2DvsC8LjGTLK9h+eb1X6RyuOHe4hT0ULCW68iomhjUoKUqlPQ==",
      "license": "MIT",
      "engines": {
        "node": ">= 0.4"
      },
      "funding": {
        "url": "https://github.com/sponsors/ljharb"
      }
    },
    "node_modules/has-tostringtag": {
      "version": "1.0.2",
      "resolved": "https://registry.npmjs.org/has-tostringtag/-/has-tostringtag-1.0.2.tgz",
      "integrity": "sha512-NqADB8VjPFLM2V0VvHUewwwsw0ZWBaIdgo+ieHtK3hasLz4qeCRjYcqfB6AQrBggRKppKF8L52/VqdVsO47Dlw==",
      "license": "MIT",
      "dependencies": {
        "has-symbols": "^1.0.3"
      },
      "engines": {
        "node": ">= 0.4"
      },
      "funding": {
        "url": "https://github.com/sponsors/ljharb"
      }
    },
    "node_modules/hasown": {
      "version": "2.0.2",
      "resolved": "https://registry.npmjs.org/hasown/-/hasown-2.0.2.tgz",
      "integrity": "sha512-0hJU9SCPvmMzIBdZFqNPXWa6dqh7WdH0cII9y+CyS8rG3nL48Bclra9HmKhVVUHyPWNH5Y7xDwAB7bfgSjkUMQ==",
      "license": "MIT",
      "dependencies": {
        "function-bind": "^1.1.2"
      },
      "engines": {
        "node": ">= 0.4"
      }
    },
    "node_modules/hexoid": {
      "version": "1.0.0",
      "resolved": "https://registry.npmjs.org/hexoid/-/hexoid-1.0.0.tgz",
      "integrity": "sha512-QFLV0taWQOZtvIRIAdBChesmogZrtuXvVWsFHZTk2SU+anspqZ2vMnoLg7IE1+Uk16N19APic1BuF8bC8c2m5g==",
      "license": "MIT",
      "engines": {
        "node": ">=8"
      }
    },
    "node_modules/ipaddr.js": {
      "version": "2.2.0",
      "resolved": "https://registry.npmjs.org/ipaddr.js/-/ipaddr.js-2.2.0.tgz",
      "integrity": "sha512-Ag3wB2o37wslZS19hZqorUnrnzSkpOVy+IiiDEiTqNubEYpYuHWIf6K4psgN2ZWKExS4xhVCrRVfb/wfW8fWJA==",
      "license": "MIT",
      "engines": {
        "node": ">= 10"
      }
    },
    "node_modules/is-retry-allowed": {
      "version": "2.2.0",
      "resolved": "https://registry.npmjs.org/is-retry-allowed/-/is-retry-allowed-2.2.0.tgz",
      "integrity": "sha512-XVm7LOeLpTW4jV19QSH38vkswxoLud8sQ57YwJVTPWdiaI9I8keEhGFpBlslyVsgdQy4Opg8QOLb8YRgsyZiQg==",
      "license": "MIT",
      "engines": {
        "node": ">=10"
      },
      "funding": {
        "url": "https://github.com/sponsors/sindresorhus"
      }
    },
    "node_modules/json-schema-ref-resolver": {
      "version": "2.0.1",
      "resolved": "https://registry.npmjs.org/json-schema-ref-resolver/-/json-schema-ref-resolver-2.0.1.tgz",
      "integrity": "sha512-HG0SIB9X4J8bwbxCbnd5FfPEbcXAJYTi1pBJeP/QPON+w8ovSME8iRG+ElHNxZNX2Qh6eYn1GdzJFS4cDFfx0Q==",
      "funding": [
        {
          "type": "github",
          "url": "https://github.com/sponsors/fastify"
        },
        {
          "type": "opencollective",
          "url": "https://opencollective.com/fastify"
        }
      ],
      "license": "MIT",
      "dependencies": {
        "dequal": "^2.0.3"
      }
    },
    "node_modules/json-schema-traverse": {
      "version": "1.0.0",
      "resolved": "https://registry.npmjs.org/json-schema-traverse/-/json-schema-traverse-1.0.0.tgz",
      "integrity": "sha512-NM8/P9n3XjXhIZn1lLhkFaACTOURQXjWhV4BA/RnOv8xvgqtqpAX9IO4mRQxSx1Rlo4tqzeqb0sOlruaOy3dug==",
      "license": "MIT"
    },
    "node_modules/light-my-request": {
      "version": "6.6.0",
      "resolved": "https://registry.npmjs.org/light-my-request/-/light-my-request-6.6.0.tgz",
      "integrity": "sha512-CHYbu8RtboSIoVsHZ6Ye4cj4Aw/yg2oAFimlF7mNvfDV192LR7nDiKtSIfCuLT7KokPSTn/9kfVLm5OGN0A28A==",
      "funding": [
        {
          "type": "github",
          "url": "https://github.com/sponsors/fastify"
        },
        {
          "type": "opencollective",
          "url": "https://opencollective.com/fastify"
        }
      ],
      "license": "BSD-3-Clause",
      "dependencies": {
        "cookie": "^1.0.1",
        "process-warning": "^4.0.0",
        "set-cookie-parser": "^2.6.0"
      }
    },
    "node_modules/light-my-request/node_modules/process-warning": {
      "version": "4.0.1",
      "resolved": "https://registry.npmjs.org/process-warning/-/process-warning-4.0.1.tgz",
      "integrity": "sha512-3c2LzQ3rY9d0hc1emcsHhfT9Jwz0cChib/QN89oME2R451w5fy3f0afAhERFZAwrbDU43wk12d0ORBpDVME50Q==",
      "funding": [
        {
          "type": "github",
          "url": "https://github.com/sponsors/fastify"
        },
        {
          "type": "opencollective",
          "url": "https://opencollective.com/fastify"
        }
      ],
      "license": "MIT"
    },
    "node_modules/lodash": {
      "version": "4.17.21",
      "resolved": "https://registry.npmjs.org/lodash/-/lodash-4.17.21.tgz",
      "integrity": "sha512-v2kDEe57lecTulaDIuNTPy3Ry4gLGJ6Z1O3vE1krgXZNrsQ+LFTGHVxVjcXPs17LhbZVGedAJv8XZ1tvj5FvSg==",
      "license": "MIT"
    },
    "node_modules/math-intrinsics": {
      "version": "1.1.0",
      "resolved": "https://registry.npmjs.org/math-intrinsics/-/math-intrinsics-1.1.0.tgz",
      "integrity": "sha512-/IXtbwEk5HTPyEwyKX6hGkYXxM9nbj64B+ilVJnC/R6B0pH5G4V3b0pVbL7DBj4tkhBAppbQUlf6F6Xl9LHu1g==",
      "license": "MIT",
      "engines": {
        "node": ">= 0.4"
      }
    },
    "node_modules/mime-db": {
      "version": "1.52.0",
      "resolved": "https://registry.npmjs.org/mime-db/-/mime-db-1.52.0.tgz",
      "integrity": "sha512-sPU4uV7dYlvtWJxwwxHD0PuihVNiE7TyAbQ5SWxDCB9mUYvOgroQOwYQQOKPJ8CIbE+1ETVlOoK1UC2nU3gYvg==",
      "license": "MIT",
      "engines": {
        "node": ">= 0.6"
      }
    },
    "node_modules/mime-types": {
      "version": "2.1.35",
      "resolved": "https://registry.npmjs.org/mime-types/-/mime-types-2.1.35.tgz",
      "integrity": "sha512-ZDY+bPm5zTTF+YpCrAU9nK0UgICYPT0QtT1NZWFv4s++TNkcgVaT0g6+4R2uI4MjQjzysHB1zxuWL50hzaeXiw==",
      "license": "MIT",
      "dependencies": {
        "mime-db": "1.52.0"
      },
      "engines": {
        "node": ">= 0.6"
      }
    },
    "node_modules/node-domexception": {
      "version": "1.0.0",
      "resolved": "https://registry.npmjs.org/node-domexception/-/node-domexception-1.0.0.tgz",
      "integrity": "sha512-/jKZoMpw0F8GRwl4/eLROPA3cfcXtLApP0QzLmUT/HuPCZWyB7IY9ZrMeKw2O/nFIqPQB3PVM9aYm0F312AXDQ==",
      "deprecated": "Use your platform's native DOMException instead",
      "funding": [
        {
          "type": "github",
          "url": "https://github.com/sponsors/jimmywarting"
        },
        {
          "type": "github",
          "url": "https://paypal.me/jimmywarting"
        }
      ],
      "license": "MIT",
      "engines": {
        "node": ">=10.5.0"
      }
    },
    "node_modules/node-fetch": {
      "version": "3.3.2",
      "resolved": "https://registry.npmjs.org/node-fetch/-/node-fetch-3.3.2.tgz",
      "integrity": "sha512-dRB78srN/l6gqWulah9SrxeYnxeddIG30+GOqK/9OlLVyLg3HPnr6SqOWTWOXKRwC2eGYCkZ59NNuSgvSrpgOA==",
      "license": "MIT",
      "dependencies": {
        "data-uri-to-buffer": "^4.0.0",
        "fetch-blob": "^3.1.4",
        "formdata-polyfill": "^4.0.10"
      },
      "engines": {
        "node": "^12.20.0 || ^14.13.1 || >=16.0.0"
      },
      "funding": {
        "type": "opencollective",
        "url": "https://opencollective.com/node-fetch"
      }
    },
    "node_modules/on-exit-leak-free": {
      "version": "2.1.2",
      "resolved": "https://registry.npmjs.org/on-exit-leak-free/-/on-exit-leak-free-2.1.2.tgz",
      "integrity": "sha512-0eJJY6hXLGf1udHwfNftBqH+g73EU4B504nZeKpz1sYRKafAghwxEJunB2O7rDZkL4PGfsMVnTXZ2EjibbqcsA==",
      "license": "MIT",
      "engines": {
        "node": ">=14.0.0"
      }
    },
    "node_modules/once": {
      "version": "1.4.0",
      "resolved": "https://registry.npmjs.org/once/-/once-1.4.0.tgz",
      "integrity": "sha512-lNaJgI+2Q5URQBkccEKHTQOPaXdUxnZZElQTZY0MFUAuaEqe1E+Nyvgdz/aIyNi6Z9MzO5dv1H8n58/GELp3+w==",
      "license": "ISC",
      "dependencies": {
        "wrappy": "1"
      }
    },
    "node_modules/pg": {
      "version": "8.16.3",
      "resolved": "https://registry.npmjs.org/pg/-/pg-8.16.3.tgz",
      "integrity": "sha512-enxc1h0jA/aq5oSDMvqyW3q89ra6XIIDZgCX9vkMrnz5DFTw/Ny3Li2lFQ+pt3L6MCgm/5o2o8HW9hiJji+xvw==",
      "license": "MIT",
      "dependencies": {
        "pg-connection-string": "^2.9.1",
        "pg-pool": "^3.10.1",
        "pg-protocol": "^1.10.3",
        "pg-types": "2.2.0",
        "pgpass": "1.0.5"
      },
      "engines": {
        "node": ">= 16.0.0"
      },
      "optionalDependencies": {
        "pg-cloudflare": "^1.2.7"
      },
      "peerDependencies": {
        "pg-native": ">=3.0.1"
      },
      "peerDependenciesMeta": {
        "pg-native": {
          "optional": true
        }
      }
    },
    "node_modules/pg-cloudflare": {
      "version": "1.2.7",
      "resolved": "https://registry.npmjs.org/pg-cloudflare/-/pg-cloudflare-1.2.7.tgz",
      "integrity": "sha512-YgCtzMH0ptvZJslLM1ffsY4EuGaU0cx4XSdXLRFae8bPP4dS5xL1tNB3k2o/N64cHJpwU7dxKli/nZ2lUa5fLg==",
      "license": "MIT",
      "optional": true
    },
    "node_modules/pg-connection-string": {
      "version": "2.9.1",
      "resolved": "https://registry.npmjs.org/pg-connection-string/-/pg-connection-string-2.9.1.tgz",
      "integrity": "sha512-nkc6NpDcvPVpZXxrreI/FOtX3XemeLl8E0qFr6F2Lrm/I8WOnaWNhIPK2Z7OHpw7gh5XJThi6j6ppgNoaT1w4w==",
      "license": "MIT"
    },
    "node_modules/pg-int8": {
      "version": "1.0.1",
      "resolved": "https://registry.npmjs.org/pg-int8/-/pg-int8-1.0.1.tgz",
      "integrity": "sha512-WCtabS6t3c8SkpDBUlb1kjOs7l66xsGdKpIPZsg4wR+B3+u9UAum2odSsF9tnvxg80h4ZxLWMy4pRjOsFIqQpw==",
      "license": "ISC",
      "engines": {
        "node": ">=4.0.0"
      }
    },
    "node_modules/pg-pool": {
      "version": "3.10.1",
      "resolved": "https://registry.npmjs.org/pg-pool/-/pg-pool-3.10.1.tgz",
      "integrity": "sha512-Tu8jMlcX+9d8+QVzKIvM/uJtp07PKr82IUOYEphaWcoBhIYkoHpLXN3qO59nAI11ripznDsEzEv8nUxBVWajGg==",
      "license": "MIT",
      "peerDependencies": {
        "pg": ">=8.0"
      }
    },
    "node_modules/pg-protocol": {
      "version": "1.10.3",
      "resolved": "https://registry.npmjs.org/pg-protocol/-/pg-protocol-1.10.3.tgz",
      "integrity": "sha512-6DIBgBQaTKDJyxnXaLiLR8wBpQQcGWuAESkRBX/t6OwA8YsqP+iVSiond2EDy6Y/dsGk8rh/jtax3js5NeV7JQ==",
      "license": "MIT"
    },
    "node_modules/pg-types": {
      "version": "2.2.0",
      "resolved": "https://registry.npmjs.org/pg-types/-/pg-types-2.2.0.tgz",
      "integrity": "sha512-qTAAlrEsl8s4OiEQY69wDvcMIdQN6wdz5ojQiOy6YRMuynxenON0O5oCpJI6lshc6scgAY8qvJ2On/p+CXY0GA==",
      "license": "MIT",
      "dependencies": {
        "pg-int8": "1.0.1",
        "postgres-array": "~2.0.0",
        "postgres-bytea": "~1.0.0",
        "postgres-date": "~1.0.4",
        "postgres-interval": "^1.1.0"
      },
      "engines": {
        "node": ">=4"
      }
    },
    "node_modules/pgpass": {
      "version": "1.0.5",
      "resolved": "https://registry.npmjs.org/pgpass/-/pgpass-1.0.5.tgz",
      "integrity": "sha512-FdW9r/jQZhSeohs1Z3sI1yxFQNFvMcnmfuj4WBMUTxOrAyLMaTcE1aAMBiTlbMNaXvBCQuVi0R7hd8udDSP7ug==",
      "license": "MIT",
      "dependencies": {
        "split2": "^4.1.0"
      }
    },
    "node_modules/pino": {
      "version": "9.8.0",
      "resolved": "https://registry.npmjs.org/pino/-/pino-9.8.0.tgz",
      "integrity": "sha512-L5+rV1wL7vGAcxXP7sPpN5lrJ07Piruka6ArXr7EWBXxdVWjJshGVX8suFsiusJVcGKDGUFfbgbnKdg+VAC+0g==",
      "license": "MIT",
      "dependencies": {
        "atomic-sleep": "^1.0.0",
        "fast-redact": "^3.1.1",
        "on-exit-leak-free": "^2.1.0",
        "pino-abstract-transport": "^2.0.0",
        "pino-std-serializers": "^7.0.0",
        "process-warning": "^5.0.0",
        "quick-format-unescaped": "^4.0.3",
        "real-require": "^0.2.0",
        "safe-stable-stringify": "^2.3.1",
        "sonic-boom": "^4.0.1",
        "thread-stream": "^3.0.0"
      },
      "bin": {
        "pino": "bin.js"
      }
    },
    "node_modules/pino-abstract-transport": {
      "version": "2.0.0",
      "resolved": "https://registry.npmjs.org/pino-abstract-transport/-/pino-abstract-transport-2.0.0.tgz",
      "integrity": "sha512-F63x5tizV6WCh4R6RHyi2Ml+M70DNRXt/+HANowMflpgGFMAym/VKm6G7ZOQRjqN7XbGxK1Lg9t6ZrtzOaivMw==",
      "license": "MIT",
      "dependencies": {
        "split2": "^4.0.0"
      }
    },
    "node_modules/pino-std-serializers": {
      "version": "7.0.0",
      "resolved": "https://registry.npmjs.org/pino-std-serializers/-/pino-std-serializers-7.0.0.tgz",
      "integrity": "sha512-e906FRY0+tV27iq4juKzSYPbUj2do2X2JX4EzSca1631EB2QJQUqGbDuERal7LCtOpxl6x3+nvo9NPZcmjkiFA==",
      "license": "MIT"
    },
    "node_modules/postgres-array": {
      "version": "2.0.0",
      "resolved": "https://registry.npmjs.org/postgres-array/-/postgres-array-2.0.0.tgz",
      "integrity": "sha512-VpZrUqU5A69eQyW2c5CA1jtLecCsN2U/bD6VilrFDWq5+5UIEVO7nazS3TEcHf1zuPYO/sqGvUvW62g86RXZuA==",
      "license": "MIT",
      "engines": {
        "node": ">=4"
      }
    },
    "node_modules/postgres-bytea": {
      "version": "1.0.0",
      "resolved": "https://registry.npmjs.org/postgres-bytea/-/postgres-bytea-1.0.0.tgz",
      "integrity": "sha512-xy3pmLuQqRBZBXDULy7KbaitYqLcmxigw14Q5sj8QBVLqEwXfeybIKVWiqAXTlcvdvb0+xkOtDbfQMOf4lST1w==",
      "license": "MIT",
      "engines": {
        "node": ">=0.10.0"
      }
    },
    "node_modules/postgres-date": {
      "version": "1.0.7",
      "resolved": "https://registry.npmjs.org/postgres-date/-/postgres-date-1.0.7.tgz",
      "integrity": "sha512-suDmjLVQg78nMK2UZ454hAG+OAW+HQPZ6n++TNDUX+L0+uUlLywnoxJKDou51Zm+zTCjrCl0Nq6J9C5hP9vK/Q==",
      "license": "MIT",
      "engines": {
        "node": ">=0.10.0"
      }
    },
    "node_modules/postgres-interval": {
      "version": "1.2.0",
      "resolved": "https://registry.npmjs.org/postgres-interval/-/postgres-interval-1.2.0.tgz",
      "integrity": "sha512-9ZhXKM/rw350N1ovuWHbGxnGh/SNJ4cnxHiM0rxE4VN41wsg8P8zWn9hv/buK00RP4WvlOyr/RBDiptyxVbkZQ==",
      "license": "MIT",
      "dependencies": {
        "xtend": "^4.0.0"
      },
      "engines": {
        "node": ">=0.10.0"
      }
    },
    "node_modules/process-warning": {
      "version": "5.0.0",
      "resolved": "https://registry.npmjs.org/process-warning/-/process-warning-5.0.0.tgz",
      "integrity": "sha512-a39t9ApHNx2L4+HBnQKqxxHNs1r7KF+Intd8Q/g1bUh6q0WIp9voPXJ/x0j+ZL45KF1pJd9+q2jLIRMfvEshkA==",
      "funding": [
        {
          "type": "github",
          "url": "https://github.com/sponsors/fastify"
        },
        {
          "type": "opencollective",
          "url": "https://opencollective.com/fastify"
        }
      ],
      "license": "MIT"
    },
    "node_modules/proxy-from-env": {
      "version": "1.1.0",
      "resolved": "https://registry.npmjs.org/proxy-from-env/-/proxy-from-env-1.1.0.tgz",
      "integrity": "sha512-D+zkORCbA9f1tdWRK0RaCR3GPv50cMxcrz4X8k5LTSUD1Dkw47mKJEZQNunItRTkWwgtaUSo1RVFRIG9ZXiFYg==",
      "license": "MIT"
    },
    "node_modules/quick-format-unescaped": {
      "version": "4.0.4",
      "resolved": "https://registry.npmjs.org/quick-format-unescaped/-/quick-format-unescaped-4.0.4.tgz",
      "integrity": "sha512-tYC1Q1hgyRuHgloV/YXs2w15unPVh8qfu/qCTfhTYamaw7fyhumKa2yGpdSo87vY32rIclj+4fWYQXUMs9EHvg==",
      "license": "MIT"
    },
    "node_modules/real-require": {
      "version": "0.2.0",
      "resolved": "https://registry.npmjs.org/real-require/-/real-require-0.2.0.tgz",
      "integrity": "sha512-57frrGM/OCTLqLOAh0mhVA9VBMHd+9U7Zb2THMGdBUoZVOtGbJzjxsYGDJ3A9AYYCP4hn6y1TVbaOfzWtm5GFg==",
      "license": "MIT",
      "engines": {
        "node": ">= 12.13.0"
      }
    },
    "node_modules/require-from-string": {
      "version": "2.0.2",
      "resolved": "https://registry.npmjs.org/require-from-string/-/require-from-string-2.0.2.tgz",
      "integrity": "sha512-Xf0nWe6RseziFMu+Ap9biiUbmplq6S9/p+7w7YXP/JBHhrUDDUhwa+vANyubuqfZWTveU//DYVGsDG7RKL/vEw==",
      "license": "MIT",
      "engines": {
        "node": ">=0.10.0"
      }
    },
    "node_modules/ret": {
      "version": "0.5.0",
      "resolved": "https://registry.npmjs.org/ret/-/ret-0.5.0.tgz",
      "integrity": "sha512-I1XxrZSQ+oErkRR4jYbAyEEu2I0avBvvMM5JN+6EBprOGRCs63ENqZ3vjavq8fBw2+62G5LF5XelKwuJpcvcxw==",
      "license": "MIT",
      "engines": {
        "node": ">=10"
      }
    },
    "node_modules/reusify": {
      "version": "1.1.0",
      "resolved": "https://registry.npmjs.org/reusify/-/reusify-1.1.0.tgz",
      "integrity": "sha512-g6QUff04oZpHs0eG5p83rFLhHeV00ug/Yf9nZM6fLeUrPguBTkTQOdpAWWspMh55TZfVQDPaN3NQJfbVRAxdIw==",
      "license": "MIT",
      "engines": {
        "iojs": ">=1.0.0",
        "node": ">=0.10.0"
      }
    },
    "node_modules/rfdc": {
      "version": "1.4.1",
      "resolved": "https://registry.npmjs.org/rfdc/-/rfdc-1.4.1.tgz",
      "integrity": "sha512-q1b3N5QkRUWUl7iyylaaj3kOpIT0N2i9MqIEQXP73GVsN9cw3fdx8X63cEmWhJGi2PPCF23Ijp7ktmd39rawIA==",
      "license": "MIT"
    },
    "node_modules/safe-regex2": {
      "version": "5.0.0",
      "resolved": "https://registry.npmjs.org/safe-regex2/-/safe-regex2-5.0.0.tgz",
      "integrity": "sha512-YwJwe5a51WlK7KbOJREPdjNrpViQBI3p4T50lfwPuDhZnE3XGVTlGvi+aolc5+RvxDD6bnUmjVsU9n1eboLUYw==",
      "funding": [
        {
          "type": "github",
          "url": "https://github.com/sponsors/fastify"
        },
        {
          "type": "opencollective",
          "url": "https://opencollective.com/fastify"
        }
      ],
      "license": "MIT",
      "dependencies": {
        "ret": "~0.5.0"
      }
    },
    "node_modules/safe-stable-stringify": {
      "version": "2.5.0",
      "resolved": "https://registry.npmjs.org/safe-stable-stringify/-/safe-stable-stringify-2.5.0.tgz",
      "integrity": "sha512-b3rppTKm9T+PsVCBEOUR46GWI7fdOs00VKZ1+9c1EWDaDMvjQc6tUwuFyIprgGgTcWoVHSKrU8H31ZHA2e0RHA==",
      "license": "MIT",
      "engines": {
        "node": ">=10"
      }
    },
    "node_modules/secure-json-parse": {
      "version": "4.0.0",
      "resolved": "https://registry.npmjs.org/secure-json-parse/-/secure-json-parse-4.0.0.tgz",
      "integrity": "sha512-dxtLJO6sc35jWidmLxo7ij+Eg48PM/kleBsxpC8QJE0qJICe+KawkDQmvCMZUr9u7WKVHgMW6vy3fQ7zMiFZMA==",
      "funding": [
        {
          "type": "github",
          "url": "https://github.com/sponsors/fastify"
        },
        {
          "type": "opencollective",
          "url": "https://opencollective.com/fastify"
        }
      ],
      "license": "BSD-3-Clause"
    },
    "node_modules/semver": {
      "version": "7.7.2",
      "resolved": "https://registry.npmjs.org/semver/-/semver-7.7.2.tgz",
      "integrity": "sha512-RF0Fw+rO5AMf9MAyaRXI4AV0Ulj5lMHqVxxdSgiVbixSCXoEmmX/jk0CuJw4+3SqroYO9VoUh+HcuJivvtJemA==",
      "license": "ISC",
      "bin": {
        "semver": "bin/semver.js"
      },
      "engines": {
        "node": ">=10"
      }
    },
    "node_modules/set-cookie-parser": {
      "version": "2.7.1",
      "resolved": "https://registry.npmjs.org/set-cookie-parser/-/set-cookie-parser-2.7.1.tgz",
      "integrity": "sha512-IOc8uWeOZgnb3ptbCURJWNjWUPcO3ZnTTdzsurqERrP6nPyv+paC55vJM0LpOlT2ne+Ix+9+CRG1MNLlyZ4GjQ==",
      "license": "MIT"
    },
    "node_modules/sonic-boom": {
      "version": "4.2.0",
      "resolved": "https://registry.npmjs.org/sonic-boom/-/sonic-boom-4.2.0.tgz",
      "integrity": "sha512-INb7TM37/mAcsGmc9hyyI6+QR3rR1zVRu36B0NeGXKnOOLiZOfER5SA+N7X7k3yUYRzLWafduTDvJAfDswwEww==",
      "license": "MIT",
      "dependencies": {
        "atomic-sleep": "^1.0.0"
      }
    },
    "node_modules/split2": {
      "version": "4.2.0",
      "resolved": "https://registry.npmjs.org/split2/-/split2-4.2.0.tgz",
      "integrity": "sha512-UcjcJOWknrNkF6PLX83qcHM6KHgVKNkV62Y8a5uYDVv9ydGQVwAHMKqHdJje1VTWpljG0WYpCDhrCdAOYH4TWg==",
      "license": "ISC",
      "engines": {
        "node": ">= 10.x"
      }
    },
    "node_modules/stream-wormhole": {
      "version": "1.1.0",
      "resolved": "https://registry.npmjs.org/stream-wormhole/-/stream-wormhole-1.1.0.tgz",
      "integrity": "sha512-gHFfL3px0Kctd6Po0M8TzEvt3De/xu6cnRrjlfYNhwbhLPLwigI2t1nc6jrzNuaYg5C4YF78PPFuQPzRiqn9ew==",
      "license": "MIT",
      "engines": {
        "node": ">=4.0.0"
      }
    },
    "node_modules/text-decoding": {
      "version": "1.0.0",
      "resolved": "https://registry.npmjs.org/text-decoding/-/text-decoding-1.0.0.tgz",
      "integrity": "sha512-/0TJD42KDnVwKmDK6jj3xP7E2MG7SHAOG4tyTgyUCRPdHwvkquYNLEQltmdMa3owq3TkddCVcTsoctJI8VQNKA==",
      "license": "MIT"
    },
    "node_modules/thread-stream": {
      "version": "3.1.0",
      "resolved": "https://registry.npmjs.org/thread-stream/-/thread-stream-3.1.0.tgz",
      "integrity": "sha512-OqyPZ9u96VohAyMfJykzmivOrY2wfMSf3C5TtFJVgN+Hm6aj+voFhlK+kZEIv2FBh1X6Xp3DlnCOfEQ3B2J86A==",
      "license": "MIT",
      "dependencies": {
        "real-require": "^0.2.0"
      }
    },
    "node_modules/toad-cache": {
      "version": "3.7.0",
      "resolved": "https://registry.npmjs.org/toad-cache/-/toad-cache-3.7.0.tgz",
      "integrity": "sha512-/m8M+2BJUpoJdgAHoG+baCwBT+tf2VraSfkBgl0Y00qIWt41DJ8R5B8nsEw0I58YwF5IZH6z24/2TobDKnqSWw==",
      "license": "MIT",
      "engines": {
        "node": ">=12"
      }
    },
    "node_modules/uuid": {
      "version": "11.1.0",
      "resolved": "https://registry.npmjs.org/uuid/-/uuid-11.1.0.tgz",
      "integrity": "sha512-0/A9rDy9P7cJ+8w1c9WD9V//9Wj15Ce2MPz8Ri6032usz+NfePxx5AcN3bN+r6ZL6jEo066/yNYB3tn4pQEx+A==",
      "funding": [
        "https://github.com/sponsors/broofa",
        "https://github.com/sponsors/ctavan"
      ],
      "license": "MIT",
      "bin": {
        "uuid": "dist/esm/bin/uuid"
      }
    },
    "node_modules/web-streams-polyfill": {
      "version": "3.3.3",
      "resolved": "https://registry.npmjs.org/web-streams-polyfill/-/web-streams-polyfill-3.3.3.tgz",
      "integrity": "sha512-d2JWLCivmZYTSIoge9MsgFCZrt571BikcWGYkjC1khllbTeDlGqZ2D8vD8E/lJa8WGWbb7Plm8/XJYV7IJHZZw==",
      "license": "MIT",
      "engines": {
        "node": ">= 8"
      }
    },
    "node_modules/wrappy": {
      "version": "1.0.2",
      "resolved": "https://registry.npmjs.org/wrappy/-/wrappy-1.0.2.tgz",
      "integrity": "sha512-l4Sp/DRseor9wL6EvV2+TuQn63dMkPjZ/sp9XkghTEbV9KlPS1xUsZ3u7/IQO4wxtcFB4bgpQPRcR3QCvezPcQ==",
      "license": "ISC"
    },
    "node_modules/xtend": {
      "version": "4.0.2",
      "resolved": "https://registry.npmjs.org/xtend/-/xtend-4.0.2.tgz",
      "integrity": "sha512-LKYU1iAXJXUgAXn9URjiu+MWhyUXHsvfp7mcuYm9dSUKK0/CjtrUwFAxD82/mCWbtLsGjFIad0wIsod4zrTAEQ==",
      "license": "MIT",
      "engines": {
        "node": ">=0.4"
      }
    }
  }
}
